dependencies:
- name: cert-manager
  repository: https://charts.jetstack.io
  version: v1.13.0
- name: traefik
  repository: https://traefik.github.io/charts
  version: 24.0.0
- name: postgresql
  repository: https://charts.bitnami.com/bitnami
  version: 12.11.2
- name: metrics-server
  repository: https://charts.bitnami.com/bitnami
  version: 6.5.1
digest: sha256:a54b196adf32082327e44294df926e02daff383e562d91f3ac784780cab4f1ae
generated: "2023-09-18T18:30:01.522146+03:00"
