dependencies:
- name: cert-manager
  repository: https://charts.jetstack.io
  version: v1.10.1
- name: traefik
  repository: https://traefik.github.io/charts
  version: 20.5.3
- name: postgresql
  repository: https://charts.bitnami.com/bitnami
  version: 12.1.3
- name: metrics-server
  repository: https://charts.bitnami.com/bitnami
  version: 6.5.0
digest: sha256:ced913a0b464e5191563a3c39f48f1c42043d0d5b2877bc30fe985b8b6e7fcfc
generated: "2023-08-27T18:05:09.124674+03:00"
